// !$*UTF8*$!
{
	archiveVersion = 1;
	classes = {
	};
	objectVersion = 56;
	objects = {

/* Begin PBXBuildFile section */
		187E79E82B1F518400FD38A6 /* AppDelegate.swift in Sources */ = {isa = PBXBuildFile; fileRef = 187E79E72B1F518400FD38A6 /* AppDelegate.swift */; };
		187E79EA2B1F518400FD38A6 /* SceneDelegate.swift in Sources */ = {isa = PBXBuildFile; fileRef = 187E79E92B1F518400FD38A6 /* SceneDelegate.swift */; };
		187E79EF2B1F518400FD38A6 /* Main.storyboard in Resources */ = {isa = PBXBuildFile; fileRef = 187E79ED2B1F518400FD38A6 /* Main.storyboard */; };
		187E79F12B1F518500FD38A6 /* Assets.xcassets in Resources */ = {isa = PBXBuildFile; fileRef = 187E79F02B1F518500FD38A6 /* Assets.xcassets */; };
		187E79F42B1F518500FD38A6 /* LaunchScreen.storyboard in Resources */ = {isa = PBXBuildFile; fileRef = 187E79F22B1F518500FD38A6 /* LaunchScreen.storyboard */; };
		187E7A022B1F612B00FD38A6 /* Mars_RoverTests.swift in Sources */ = {isa = PBXBuildFile; fileRef = 187E7A012B1F612B00FD38A6 /* Mars_RoverTests.swift */; };
		187E7A0A2B1F67AB00FD38A6 /* APIService.swift in Sources */ = {isa = PBXBuildFile; fileRef = 187E7A092B1F67AB00FD38A6 /* APIService.swift */; };
		187E7A0D2B1F682E00FD38A6 /* RoverPhoto.swift in Sources */ = {isa = PBXBuildFile; fileRef = 187E7A0C2B1F682E00FD38A6 /* RoverPhoto.swift */; };
		187E7A0F2B1F6B1400FD38A6 /* MarsService.swift in Sources */ = {isa = PBXBuildFile; fileRef = 187E7A0E2B1F6B1400FD38A6 /* MarsService.swift */; };
		187E7A112B1F6B6C00FD38A6 /* MarsAPIService.swift in Sources */ = {isa = PBXBuildFile; fileRef = 187E7A102B1F6B6C00FD38A6 /* MarsAPIService.swift */; };
		187E7A132B1F6BF300FD38A6 /* Endpoint.swift in Sources */ = {isa = PBXBuildFile; fileRef = 187E7A122B1F6BF300FD38A6 /* Endpoint.swift */; };
		187E7A152B1F6C4200FD38A6 /* NetworkConstants.swift in Sources */ = {isa = PBXBuildFile; fileRef = 187E7A142B1F6C4200FD38A6 /* NetworkConstants.swift */; };
		187E7A182B1F6EA300FD38A6 /* MarsRepository.swift in Sources */ = {isa = PBXBuildFile; fileRef = 187E7A172B1F6EA300FD38A6 /* MarsRepository.swift */; };
		187E7A1B2B1F700B00FD38A6 /* RoverPhotoViewModel.swift in Sources */ = {isa = PBXBuildFile; fileRef = 187E7A1A2B1F700B00FD38A6 /* RoverPhotoViewModel.swift */; };
		187E7A1E2B1F722000FD38A6 /* RootNavigationController.swift in Sources */ = {isa = PBXBuildFile; fileRef = 187E7A1D2B1F722000FD38A6 /* RootNavigationController.swift */; };
		187E7A202B1F725900FD38A6 /* RootTableViewController.swift in Sources */ = {isa = PBXBuildFile; fileRef = 187E7A1F2B1F725900FD38A6 /* RootTableViewController.swift */; };
		187E7A232B1F733000FD38A6 /* StringExtension.swift in Sources */ = {isa = PBXBuildFile; fileRef = 187E7A222B1F733000FD38A6 /* StringExtension.swift */; };
		187E7A252B1F78AD00FD38A6 /* RoverPhotoResponse.swift in Sources */ = {isa = PBXBuildFile; fileRef = 187E7A242B1F78AD00FD38A6 /* RoverPhotoResponse.swift */; };
		187E7A282B1F863800FD38A6 /* Kingfisher in Frameworks */ = {isa = PBXBuildFile; productRef = 187E7A272B1F863800FD38A6 /* Kingfisher */; };
		187E7A2B2B1F890B00FD38A6 /* RoverPhotoCell.swift in Sources */ = {isa = PBXBuildFile; fileRef = 187E7A2A2B1F890B00FD38A6 /* RoverPhotoCell.swift */; };
		187E7A2D2B1FAAEC00FD38A6 /* FullPhotoViewController.swift in Sources */ = {isa = PBXBuildFile; fileRef = 187E7A2C2B1FAAEC00FD38A6 /* FullPhotoViewController.swift */; };
/* End PBXBuildFile section */

/* Begin PBXContainerItemProxy section */
		187E7A032B1F612B00FD38A6 /* PBXContainerItemProxy */ = {
			isa = PBXContainerItemProxy;
			containerPortal = 187E79DC2B1F518400FD38A6 /* Project object */;
			proxyType = 1;
			remoteGlobalIDString = 187E79E32B1F518400FD38A6;
			remoteInfo = "Mars Rover";
		};
/* End PBXContainerItemProxy section */

/* Begin PBXFileReference section */
		187E79E42B1F518400FD38A6 /* Mars Rover.app */ = {isa = PBXFileReference; explicitFileType = wrapper.application; includeInIndex = 0; path = "Mars Rover.app"; sourceTree = BUILT_PRODUCTS_DIR; };
		187E79E72B1F518400FD38A6 /* AppDelegate.swift */ = {isa = PBXFileReference; lastKnownFileType = sourcecode.swift; path = AppDelegate.swift; sourceTree = "<group>"; };
		187E79E92B1F518400FD38A6 /* SceneDelegate.swift */ = {isa = PBXFileReference; lastKnownFileType = sourcecode.swift; path = SceneDelegate.swift; sourceTree = "<group>"; };
		187E79EE2B1F518400FD38A6 /* Base */ = {isa = PBXFileReference; lastKnownFileType = file.storyboard; name = Base; path = Base.lproj/Main.storyboard; sourceTree = "<group>"; };
		187E79F02B1F518500FD38A6 /* Assets.xcassets */ = {isa = PBXFileReference; lastKnownFileType = folder.assetcatalog; path = Assets.xcassets; sourceTree = "<group>"; };
		187E79F32B1F518500FD38A6 /* Base */ = {isa = PBXFileReference; lastKnownFileType = file.storyboard; name = Base; path = Base.lproj/LaunchScreen.storyboard; sourceTree = "<group>"; };
		187E79F52B1F518500FD38A6 /* Info.plist */ = {isa = PBXFileReference; lastKnownFileType = text.plist.xml; path = Info.plist; sourceTree = "<group>"; };
		187E79FF2B1F612B00FD38A6 /* Mars RoverTests.xctest */ = {isa = PBXFileReference; explicitFileType = wrapper.cfbundle; includeInIndex = 0; path = "Mars RoverTests.xctest"; sourceTree = BUILT_PRODUCTS_DIR; };
		187E7A012B1F612B00FD38A6 /* Mars_RoverTests.swift */ = {isa = PBXFileReference; lastKnownFileType = sourcecode.swift; path = Mars_RoverTests.swift; sourceTree = "<group>"; };
		187E7A092B1F67AB00FD38A6 /* APIService.swift */ = {isa = PBXFileReference; lastKnownFileType = sourcecode.swift; path = APIService.swift; sourceTree = "<group>"; };
		187E7A0C2B1F682E00FD38A6 /* RoverPhoto.swift */ = {isa = PBXFileReference; lastKnownFileType = sourcecode.swift; path = RoverPhoto.swift; sourceTree = "<group>"; };
		187E7A0E2B1F6B1400FD38A6 /* MarsService.swift */ = {isa = PBXFileReference; lastKnownFileType = sourcecode.swift; path = MarsService.swift; sourceTree = "<group>"; };
		187E7A102B1F6B6C00FD38A6 /* MarsAPIService.swift */ = {isa = PBXFileReference; lastKnownFileType = sourcecode.swift; path = MarsAPIService.swift; sourceTree = "<group>"; };
		187E7A122B1F6BF300FD38A6 /* Endpoint.swift */ = {isa = PBXFileReference; lastKnownFileType = sourcecode.swift; path = Endpoint.swift; sourceTree = "<group>"; };
		187E7A142B1F6C4200FD38A6 /* NetworkConstants.swift */ = {isa = PBXFileReference; lastKnownFileType = sourcecode.swift; path = NetworkConstants.swift; sourceTree = "<group>"; };
		187E7A172B1F6EA300FD38A6 /* MarsRepository.swift */ = {isa = PBXFileReference; lastKnownFileType = sourcecode.swift; path = MarsRepository.swift; sourceTree = "<group>"; };
		187E7A1A2B1F700B00FD38A6 /* RoverPhotoViewModel.swift */ = {isa = PBXFileReference; lastKnownFileType = sourcecode.swift; path = RoverPhotoViewModel.swift; sourceTree = "<group>"; };
		187E7A1D2B1F722000FD38A6 /* RootNavigationController.swift */ = {isa = PBXFileReference; lastKnownFileType = sourcecode.swift; path = RootNavigationController.swift; sourceTree = "<group>"; };
		187E7A1F2B1F725900FD38A6 /* RootTableViewController.swift */ = {isa = PBXFileReference; lastKnownFileType = sourcecode.swift; path = RootTableViewController.swift; sourceTree = "<group>"; };
		187E7A222B1F733000FD38A6 /* StringExtension.swift */ = {isa = PBXFileReference; lastKnownFileType = sourcecode.swift; path = StringExtension.swift; sourceTree = "<group>"; };
		187E7A242B1F78AD00FD38A6 /* RoverPhotoResponse.swift */ = {isa = PBXFileReference; lastKnownFileType = sourcecode.swift; path = RoverPhotoResponse.swift; sourceTree = "<group>"; };
		187E7A2A2B1F890B00FD38A6 /* RoverPhotoCell.swift */ = {isa = PBXFileReference; lastKnownFileType = sourcecode.swift; path = RoverPhotoCell.swift; sourceTree = "<group>"; };
		187E7A2C2B1FAAEC00FD38A6 /* FullPhotoViewController.swift */ = {isa = PBXFileReference; lastKnownFileType = sourcecode.swift; path = FullPhotoViewController.swift; sourceTree = "<group>"; };
/* End PBXFileReference section */

/* Begin PBXFrameworksBuildPhase section */
		187E79E12B1F518400FD38A6 /* Frameworks */ = {
			isa = PBXFrameworksBuildPhase;
			buildActionMask = 2147483647;
			files = (
				187E7A282B1F863800FD38A6 /* Kingfisher in Frameworks */,
			);
			runOnlyForDeploymentPostprocessing = 0;
		};
		187E79FC2B1F612B00FD38A6 /* Frameworks */ = {
			isa = PBXFrameworksBuildPhase;
			buildActionMask = 2147483647;
			files = (
			);
			runOnlyForDeploymentPostprocessing = 0;
		};
/* End PBXFrameworksBuildPhase section */

/* Begin PBXGroup section */
		187E79DB2B1F518400FD38A6 = {
			isa = PBXGroup;
			children = (
				187E79E62B1F518400FD38A6 /* Mars Rover */,
				187E7A002B1F612B00FD38A6 /* Mars RoverTests */,
				187E79E52B1F518400FD38A6 /* Products */,
			);
			sourceTree = "<group>";
		};
		187E79E52B1F518400FD38A6 /* Products */ = {
			isa = PBXGroup;
			children = (
				187E79E42B1F518400FD38A6 /* Mars Rover.app */,
				187E79FF2B1F612B00FD38A6 /* Mars RoverTests.xctest */,
			);
			name = Products;
			sourceTree = "<group>";
		};
		187E79E62B1F518400FD38A6 /* Mars Rover */ = {
			isa = PBXGroup;
			children = (
				187E7A292B1F88F700FD38A6 /* Views */,
				187E7A212B1F731800FD38A6 /* Extensions */,
				187E7A1C2B1F720800FD38A6 /* ViewControllers */,
				187E7A192B1F6FE500FD38A6 /* Viewmodel */,
				187E7A162B1F6E7E00FD38A6 /* Repositories */,
				187E7A0B2B1F67EC00FD38A6 /* Model */,
				187E7A082B1F677D00FD38A6 /* Networking */,
				187E79E72B1F518400FD38A6 /* AppDelegate.swift */,
				187E79E92B1F518400FD38A6 /* SceneDelegate.swift */,
				187E79ED2B1F518400FD38A6 /* Main.storyboard */,
				187E79F02B1F518500FD38A6 /* Assets.xcassets */,
				187E79F22B1F518500FD38A6 /* LaunchScreen.storyboard */,
				187E79F52B1F518500FD38A6 /* Info.plist */,
			);
			path = "Mars Rover";
			sourceTree = "<group>";
		};
		187E7A002B1F612B00FD38A6 /* Mars RoverTests */ = {
			isa = PBXGroup;
			children = (
				187E7A012B1F612B00FD38A6 /* Mars_RoverTests.swift */,
			);
			path = "Mars RoverTests";
			sourceTree = "<group>";
		};
		187E7A082B1F677D00FD38A6 /* Networking */ = {
			isa = PBXGroup;
			children = (
				187E7A092B1F67AB00FD38A6 /* APIService.swift */,
				187E7A0E2B1F6B1400FD38A6 /* MarsService.swift */,
				187E7A102B1F6B6C00FD38A6 /* MarsAPIService.swift */,
				187E7A122B1F6BF300FD38A6 /* Endpoint.swift */,
				187E7A142B1F6C4200FD38A6 /* NetworkConstants.swift */,
			);
			path = Networking;
			sourceTree = "<group>";
		};
		187E7A0B2B1F67EC00FD38A6 /* Model */ = {
			isa = PBXGroup;
			children = (
				187E7A0C2B1F682E00FD38A6 /* RoverPhoto.swift */,
				187E7A242B1F78AD00FD38A6 /* RoverPhotoResponse.swift */,
			);
			path = Model;
			sourceTree = "<group>";
		};
		187E7A162B1F6E7E00FD38A6 /* Repositories */ = {
			isa = PBXGroup;
			children = (
				187E7A172B1F6EA300FD38A6 /* MarsRepository.swift */,
			);
			path = Repositories;
			sourceTree = "<group>";
		};
		187E7A192B1F6FE500FD38A6 /* Viewmodel */ = {
			isa = PBXGroup;
			children = (
				187E7A1A2B1F700B00FD38A6 /* RoverPhotoViewModel.swift */,
			);
			path = Viewmodel;
			sourceTree = "<group>";
		};
		187E7A1C2B1F720800FD38A6 /* ViewControllers */ = {
			isa = PBXGroup;
			children = (
				187E7A1D2B1F722000FD38A6 /* RootNavigationController.swift */,
				187E7A1F2B1F725900FD38A6 /* RootTableViewController.swift */,
				187E7A2C2B1FAAEC00FD38A6 /* FullPhotoViewController.swift */,
			);
			path = ViewControllers;
			sourceTree = "<group>";
		};
		187E7A212B1F731800FD38A6 /* Extensions */ = {
			isa = PBXGroup;
			children = (
				187E7A222B1F733000FD38A6 /* StringExtension.swift */,
			);
			path = Extensions;
			sourceTree = "<group>";
		};
		187E7A292B1F88F700FD38A6 /* Views */ = {
			isa = PBXGroup;
			children = (
				187E7A2A2B1F890B00FD38A6 /* RoverPhotoCell.swift */,
			);
			path = Views;
			sourceTree = "<group>";
		};
/* End PBXGroup section */

/* Begin PBXNativeTarget section */
		187E79E32B1F518400FD38A6 /* Mars Rover */ = {
			isa = PBXNativeTarget;
			buildConfigurationList = 187E79F82B1F518500FD38A6 /* Build configuration list for PBXNativeTarget "Mars Rover" */;
			buildPhases = (
				187E79E02B1F518400FD38A6 /* Sources */,
				187E79E12B1F518400FD38A6 /* Frameworks */,
				187E79E22B1F518400FD38A6 /* Resources */,
			);
			buildRules = (
			);
			dependencies = (
			);
			name = "Mars Rover";
			packageProductDependencies = (
				187E7A272B1F863800FD38A6 /* Kingfisher */,
			);
			productName = "Mars Rover";
			productReference = 187E79E42B1F518400FD38A6 /* Mars Rover.app */;
			productType = "com.apple.product-type.application";
		};
		187E79FE2B1F612B00FD38A6 /* Mars RoverTests */ = {
			isa = PBXNativeTarget;
			buildConfigurationList = 187E7A052B1F612B00FD38A6 /* Build configuration list for PBXNativeTarget "Mars RoverTests" */;
			buildPhases = (
				187E79FB2B1F612B00FD38A6 /* Sources */,
				187E79FC2B1F612B00FD38A6 /* Frameworks */,
				187E79FD2B1F612B00FD38A6 /* Resources */,
			);
			buildRules = (
			);
			dependencies = (
				187E7A042B1F612B00FD38A6 /* PBXTargetDependency */,
			);
			name = "Mars RoverTests";
			productName = "Mars RoverTests";
			productReference = 187E79FF2B1F612B00FD38A6 /* Mars RoverTests.xctest */;
			productType = "com.apple.product-type.bundle.unit-test";
		};
/* End PBXNativeTarget section */

/* Begin PBXProject section */
		187E79DC2B1F518400FD38A6 /* Project object */ = {
			isa = PBXProject;
			attributes = {
				BuildIndependentTargetsInParallel = 1;
				LastSwiftUpdateCheck = 1500;
				LastUpgradeCheck = 1500;
				TargetAttributes = {
					187E79E32B1F518400FD38A6 = {
						CreatedOnToolsVersion = 15.0.1;
					};
					187E79FE2B1F612B00FD38A6 = {
						CreatedOnToolsVersion = 15.0.1;
						TestTargetID = 187E79E32B1F518400FD38A6;
					};
				};
			};
			buildConfigurationList = 187E79DF2B1F518400FD38A6 /* Build configuration list for PBXProject "Mars Rover" */;
			compatibilityVersion = "Xcode 14.0";
			developmentRegion = en;
			hasScannedForEncodings = 0;
			knownRegions = (
				en,
				Base,
			);
			mainGroup = 187E79DB2B1F518400FD38A6;
			packageReferences = (
				187E7A262B1F863800FD38A6 /* XCRemoteSwiftPackageReference "Kingfisher" */,
			);
			productRefGroup = 187E79E52B1F518400FD38A6 /* Products */;
			projectDirPath = "";
			projectRoot = "";
			targets = (
				187E79E32B1F518400FD38A6 /* Mars Rover */,
				187E79FE2B1F612B00FD38A6 /* Mars RoverTests */,
			);
		};
/* End PBXProject section */

/* Begin PBXResourcesBuildPhase section */
		187E79E22B1F518400FD38A6 /* Resources */ = {
			isa = PBXResourcesBuildPhase;
			buildActionMask = 2147483647;
			files = (
				187E79F42B1F518500FD38A6 /* LaunchScreen.storyboard in Resources */,
				187E79F12B1F518500FD38A6 /* Assets.xcassets in Resources */,
				187E79EF2B1F518400FD38A6 /* Main.storyboard in Resources */,
			);
			runOnlyForDeploymentPostprocessing = 0;
		};
		187E79FD2B1F612B00FD38A6 /* Resources */ = {
			isa = PBXResourcesBuildPhase;
			buildActionMask = 2147483647;
			files = (
			);
			runOnlyForDeploymentPostprocessing = 0;
		};
/* End PBXResourcesBuildPhase section */

/* Begin PBXSourcesBuildPhase section */
		187E79E02B1F518400FD38A6 /* Sources */ = {
			isa = PBXSourcesBuildPhase;
			buildActionMask = 2147483647;
			files = (
				187E7A152B1F6C4200FD38A6 /* NetworkConstants.swift in Sources */,
				187E79E82B1F518400FD38A6 /* AppDelegate.swift in Sources */,
				187E7A252B1F78AD00FD38A6 /* RoverPhotoResponse.swift in Sources */,
				187E7A132B1F6BF300FD38A6 /* Endpoint.swift in Sources */,
				187E7A2D2B1FAAEC00FD38A6 /* FullPhotoViewController.swift in Sources */,
				187E7A1E2B1F722000FD38A6 /* RootNavigationController.swift in Sources */,
				187E7A182B1F6EA300FD38A6 /* MarsRepository.swift in Sources */,
				187E7A0A2B1F67AB00FD38A6 /* APIService.swift in Sources */,
				187E7A0D2B1F682E00FD38A6 /* RoverPhoto.swift in Sources */,
				187E7A202B1F725900FD38A6 /* RootTableViewController.swift in Sources */,
				187E7A2B2B1F890B00FD38A6 /* RoverPhotoCell.swift in Sources */,
				187E7A1B2B1F700B00FD38A6 /* RoverPhotoViewModel.swift in Sources */,
				187E7A0F2B1F6B1400FD38A6 /* MarsService.swift in Sources */,
				187E79EA2B1F518400FD38A6 /* SceneDelegate.swift in Sources */,
				187E7A232B1F733000FD38A6 /* StringExtension.swift in Sources */,
				187E7A112B1F6B6C00FD38A6 /* MarsAPIService.swift in Sources */,
			);
			runOnlyForDeploymentPostprocessing = 0;
		};
		187E79FB2B1F612B00FD38A6 /* Sources */ = {
			isa = PBXSourcesBuildPhase;
			buildActionMask = 2147483647;
			files = (
				187E7A022B1F612B00FD38A6 /* Mars_RoverTests.swift in Sources */,
			);
			runOnlyForDeploymentPostprocessing = 0;
		};
/* End PBXSourcesBuildPhase section */

/* Begin PBXTargetDependency section */
		187E7A042B1F612B00FD38A6 /* PBXTargetDependency */ = {
			isa = PBXTargetDependency;
			target = 187E79E32B1F518400FD38A6 /* Mars Rover */;
			targetProxy = 187E7A032B1F612B00FD38A6 /* PBXContainerItemProxy */;
		};
/* End PBXTargetDependency section */

/* Begin PBXVariantGroup section */
		187E79ED2B1F518400FD38A6 /* Main.storyboard */ = {
			isa = PBXVariantGroup;
			children = (
				187E79EE2B1F518400FD38A6 /* Base */,
			);
			name = Main.storyboard;
			sourceTree = "<group>";
		};
		187E79F22B1F518500FD38A6 /* LaunchScreen.storyboard */ = {
			isa = PBXVariantGroup;
			children = (
				187E79F32B1F518500FD38A6 /* Base */,
			);
			name = LaunchScreen.storyboard;
			sourceTree = "<group>";
		};
/* End PBXVariantGroup section */

/* Begin XCBuildConfiguration section */
		187E79F62B1F518500FD38A6 /* Debug */ = {
			isa = XCBuildConfiguration;
			buildSettings = {
				ALWAYS_SEARCH_USER_PATHS = NO;
				ASSETCATALOG_COMPILER_GENERATE_SWIFT_ASSET_SYMBOL_EXTENSIONS = YES;
				CLANG_ANALYZER_NONNULL = YES;
				CLANG_ANALYZER_NUMBER_OBJECT_CONVERSION = YES_AGGRESSIVE;
				CLANG_CXX_LANGUAGE_STANDARD = "gnu++20";
				CLANG_ENABLE_MODULES = YES;
				CLANG_ENABLE_OBJC_ARC = YES;
				CLANG_ENABLE_OBJC_WEAK = YES;
				CLANG_WARN_BLOCK_CAPTURE_AUTORELEASING = YES;
				CLANG_WARN_BOOL_CONVERSION = YES;
				CLANG_WARN_COMMA = YES;
				CLANG_WARN_CONSTANT_CONVERSION = YES;
				CLANG_WARN_DEPRECATED_OBJC_IMPLEMENTATIONS = YES;
				CLANG_WARN_DIRECT_OBJC_ISA_USAGE = YES_ERROR;
				CLANG_WARN_DOCUMENTATION_COMMENTS = YES;
				CLANG_WARN_EMPTY_BODY = YES;
				CLANG_WARN_ENUM_CONVERSION = YES;
				CLANG_WARN_INFINITE_RECURSION = YES;
				CLANG_WARN_INT_CONVERSION = YES;
				CLANG_WARN_NON_LITERAL_NULL_CONVERSION = YES;
				CLANG_WARN_OBJC_IMPLICIT_RETAIN_SELF = YES;
				CLANG_WARN_OBJC_LITERAL_CONVERSION = YES;
				CLANG_WARN_OBJC_ROOT_CLASS = YES_ERROR;
				CLANG_WARN_QUOTED_INCLUDE_IN_FRAMEWORK_HEADER = YES;
				CLANG_WARN_RANGE_LOOP_ANALYSIS = YES;
				CLANG_WARN_STRICT_PROTOTYPES = YES;
				CLANG_WARN_SUSPICIOUS_MOVE = YES;
				CLANG_WARN_UNGUARDED_AVAILABILITY = YES_AGGRESSIVE;
				CLANG_WARN_UNREACHABLE_CODE = YES;
				CLANG_WARN__DUPLICATE_METHOD_MATCH = YES;
				COPY_PHASE_STRIP = NO;
				DEBUG_INFORMATION_FORMAT = dwarf;
				ENABLE_STRICT_OBJC_MSGSEND = YES;
				ENABLE_TESTABILITY = YES;
				ENABLE_USER_SCRIPT_SANDBOXING = YES;
				GCC_C_LANGUAGE_STANDARD = gnu17;
				GCC_DYNAMIC_NO_PIC = NO;
				GCC_NO_COMMON_BLOCKS = YES;
				GCC_OPTIMIZATION_LEVEL = 0;
				GCC_PREPROCESSOR_DEFINITIONS = (
					"DEBUG=1",
					"$(inherited)",
				);
				GCC_WARN_64_TO_32_BIT_CONVERSION = YES;
				GCC_WARN_ABOUT_RETURN_TYPE = YES_ERROR;
				GCC_WARN_UNDECLARED_SELECTOR = YES;
				GCC_WARN_UNINITIALIZED_AUTOS = YES_AGGRESSIVE;
				GCC_WARN_UNUSED_FUNCTION = YES;
				GCC_WARN_UNUSED_VARIABLE = YES;
				IPHONEOS_DEPLOYMENT_TARGET = 17.0;
				LOCALIZATION_PREFERS_STRING_CATALOGS = YES;
				MTL_ENABLE_DEBUG_INFO = INCLUDE_SOURCE;
				MTL_FAST_MATH = YES;
				ONLY_ACTIVE_ARCH = YES;
				SDKROOT = iphoneos;
				SWIFT_ACTIVE_COMPILATION_CONDITIONS = "DEBUG $(inherited)";
				SWIFT_OPTIMIZATION_LEVEL = "-Onone";
			};
			name = Debug;
		};
		187E79F72B1F518500FD38A6 /* Release */ = {
			isa = XCBuildConfiguration;
			buildSettings = {
				ALWAYS_SEARCH_USER_PATHS = NO;
				ASSETCATALOG_COMPILER_GENERATE_SWIFT_ASSET_SYMBOL_EXTENSIONS = YES;
				CLANG_ANALYZER_NONNULL = YES;
				CLANG_ANALYZER_NUMBER_OBJECT_CONVERSION = YES_AGGRESSIVE;
				CLANG_CXX_LANGUAGE_STANDARD = "gnu++20";
				CLANG_ENABLE_MODULES = YES;
				CLANG_ENABLE_OBJC_ARC = YES;
				CLANG_ENABLE_OBJC_WEAK = YES;
				CLANG_WARN_BLOCK_CAPTURE_AUTORELEASING = YES;
				CLANG_WARN_BOOL_CONVERSION = YES;
				CLANG_WARN_COMMA = YES;
				CLANG_WARN_CONSTANT_CONVERSION = YES;
				CLANG_WARN_DEPRECATED_OBJC_IMPLEMENTATIONS = YES;
				CLANG_WARN_DIRECT_OBJC_ISA_USAGE = YES_ERROR;
				CLANG_WARN_DOCUMENTATION_COMMENTS = YES;
				CLANG_WARN_EMPTY_BODY = YES;
				CLANG_WARN_ENUM_CONVERSION = YES;
				CLANG_WARN_INFINITE_RECURSION = YES;
				CLANG_WARN_INT_CONVERSION = YES;
				CLANG_WARN_NON_LITERAL_NULL_CONVERSION = YES;
				CLANG_WARN_OBJC_IMPLICIT_RETAIN_SELF = YES;
				CLANG_WARN_OBJC_LITERAL_CONVERSION = YES;
				CLANG_WARN_OBJC_ROOT_CLASS = YES_ERROR;
				CLANG_WARN_QUOTED_INCLUDE_IN_FRAMEWORK_HEADER = YES;
				CLANG_WARN_RANGE_LOOP_ANALYSIS = YES;
				CLANG_WARN_STRICT_PROTOTYPES = YES;
				CLANG_WARN_SUSPICIOUS_MOVE = YES;
				CLANG_WARN_UNGUARDED_AVAILABILITY = YES_AGGRESSIVE;
				CLANG_WARN_UNREACHABLE_CODE = YES;
				CLANG_WARN__DUPLICATE_METHOD_MATCH = YES;
				COPY_PHASE_STRIP = NO;
				DEBUG_INFORMATION_FORMAT = "dwarf-with-dsym";
				ENABLE_NS_ASSERTIONS = NO;
				ENABLE_STRICT_OBJC_MSGSEND = YES;
				ENABLE_USER_SCRIPT_SANDBOXING = YES;
				GCC_C_LANGUAGE_STANDARD = gnu17;
				GCC_NO_COMMON_BLOCKS = YES;
				GCC_WARN_64_TO_32_BIT_CONVERSION = YES;
				GCC_WARN_ABOUT_RETURN_TYPE = YES_ERROR;
				GCC_WARN_UNDECLARED_SELECTOR = YES;
				GCC_WARN_UNINITIALIZED_AUTOS = YES_AGGRESSIVE;
				GCC_WARN_UNUSED_FUNCTION = YES;
				GCC_WARN_UNUSED_VARIABLE = YES;
				IPHONEOS_DEPLOYMENT_TARGET = 17.0;
				LOCALIZATION_PREFERS_STRING_CATALOGS = YES;
				MTL_ENABLE_DEBUG_INFO = NO;
				MTL_FAST_MATH = YES;
				SDKROOT = iphoneos;
				SWIFT_COMPILATION_MODE = wholemodule;
				VALIDATE_PRODUCT = YES;
			};
			name = Release;
		};
		187E79F92B1F518500FD38A6 /* Debug */ = {
			isa = XCBuildConfiguration;
			buildSettings = {
				ASSETCATALOG_COMPILER_APPICON_NAME = AppIcon;
				ASSETCATALOG_COMPILER_GLOBAL_ACCENT_COLOR_NAME = AccentColor;
				CODE_SIGN_STYLE = Automatic;
				CURRENT_PROJECT_VERSION = 1;
				DEVELOPMENT_TEAM = W47864AP4M;
				GENERATE_INFOPLIST_FILE = YES;
				INFOPLIST_FILE = "Mars Rover/Info.plist";
				INFOPLIST_KEY_UIApplicationSupportsIndirectInputEvents = YES;
				INFOPLIST_KEY_UILaunchStoryboardName = LaunchScreen;
				INFOPLIST_KEY_UIMainStoryboardFile = Main;
				INFOPLIST_KEY_UISupportedInterfaceOrientations_iPad = "UIInterfaceOrientationPortrait UIInterfaceOrientationPortraitUpsideDown UIInterfaceOrientationLandscapeLeft UIInterfaceOrientationLandscapeRight";
				INFOPLIST_KEY_UISupportedInterfaceOrientations_iPhone = "UIInterfaceOrientationPortrait UIInterfaceOrientationLandscapeLeft UIInterfaceOrientationLandscapeRight";
				IPHONEOS_DEPLOYMENT_TARGET = 16.1;
				LD_RUNPATH_SEARCH_PATHS = (
					"$(inherited)",
					"@executable_path/Frameworks",
				);
				MARKETING_VERSION = 1.0;
				PRODUCT_BUNDLE_IDENTIFIER = "angusmuller.Mars-Rover";
				PRODUCT_NAME = "$(TARGET_NAME)";
				SWIFT_EMIT_LOC_STRINGS = YES;
				SWIFT_VERSION = 5.0;
				TARGETED_DEVICE_FAMILY = "1,2";
			};
			name = Debug;
		};
		187E79FA2B1F518500FD38A6 /* Release */ = {
			isa = XCBuildConfiguration;
			buildSettings = {
				ASSETCATALOG_COMPILER_APPICON_NAME = AppIcon;
				ASSETCATALOG_COMPILER_GLOBAL_ACCENT_COLOR_NAME = AccentColor;
				CODE_SIGN_STYLE = Automatic;
				CURRENT_PROJECT_VERSION = 1;
				DEVELOPMENT_TEAM = W47864AP4M;
				GENERATE_INFOPLIST_FILE = YES;
				INFOPLIST_FILE = "Mars Rover/Info.plist";
				INFOPLIST_KEY_UIApplicationSupportsIndirectInputEvents = YES;
				INFOPLIST_KEY_UILaunchStoryboardName = LaunchScreen;
				INFOPLIST_KEY_UIMainStoryboardFile = Main;
				INFOPLIST_KEY_UISupportedInterfaceOrientations_iPad = "UIInterfaceOrientationPortrait UIInterfaceOrientationPortraitUpsideDown UIInterfaceOrientationLandscapeLeft UIInterfaceOrientationLandscapeRight";
				INFOPLIST_KEY_UISupportedInterfaceOrientations_iPhone = "UIInterfaceOrientationPortrait UIInterfaceOrientationLandscapeLeft UIInterfaceOrientationLandscapeRight";
				IPHONEOS_DEPLOYMENT_TARGET = 16.1;
				LD_RUNPATH_SEARCH_PATHS = (
					"$(inherited)",
					"@executable_path/Frameworks",
				);
				MARKETING_VERSION = 1.0;
				PRODUCT_BUNDLE_IDENTIFIER = "angusmuller.Mars-Rover";
				PRODUCT_NAME = "$(TARGET_NAME)";
				SWIFT_EMIT_LOC_STRINGS = YES;
				SWIFT_VERSION = 5.0;
				TARGETED_DEVICE_FAMILY = "1,2";
			};
			name = Release;
		};
		187E7A062B1F612B00FD38A6 /* Debug */ = {
			isa = XCBuildConfiguration;
			buildSettings = {
				BUNDLE_LOADER = "$(TEST_HOST)";
				CODE_SIGN_STYLE = Automatic;
				CURRENT_PROJECT_VERSION = 1;
				DEVELOPMENT_TEAM = W47864AP4M;
				GENERATE_INFOPLIST_FILE = YES;
				MARKETING_VERSION = 1.0;
				PRODUCT_BUNDLE_IDENTIFIER = "angusmuller.Mars-RoverTests";
				PRODUCT_NAME = "$(TARGET_NAME)";
				SWIFT_EMIT_LOC_STRINGS = NO;
				SWIFT_VERSION = 5.0;
				TARGETED_DEVICE_FAMILY = "1,2";
				TEST_HOST = "$(BUILT_PRODUCTS_DIR)/Mars Rover.app/$(BUNDLE_EXECUTABLE_FOLDER_PATH)/Mars Rover";
			};
			name = Debug;
		};
		187E7A072B1F612B00FD38A6 /* Release */ = {
			isa = XCBuildConfiguration;
			buildSettings = {
				BUNDLE_LOADER = "$(TEST_HOST)";
				CODE_SIGN_STYLE = Automatic;
				CURRENT_PROJECT_VERSION = 1;
				DEVELOPMENT_TEAM = W47864AP4M;
				GENERATE_INFOPLIST_FILE = YES;
				MARKETING_VERSION = 1.0;
				PRODUCT_BUNDLE_IDENTIFIER = "angusmuller.Mars-RoverTests";
				PRODUCT_NAME = "$(TARGET_NAME)";
				SWIFT_EMIT_LOC_STRINGS = NO;
				SWIFT_VERSION = 5.0;
				TARGETED_DEVICE_FAMILY = "1,2";
				TEST_HOST = "$(BUILT_PRODUCTS_DIR)/Mars Rover.app/$(BUNDLE_EXECUTABLE_FOLDER_PATH)/Mars Rover";
			};
			name = Release;
		};
/* End XCBuildConfiguration section */

/* Begin XCConfigurationList section */
		187E79DF2B1F518400FD38A6 /* Build configuration list for PBXProject "Mars Rover" */ = {
			isa = XCConfigurationList;
			buildConfigurations = (
				187E79F62B1F518500FD38A6 /* Debug */,
				187E79F72B1F518500FD38A6 /* Release */,
			);
			defaultConfigurationIsVisible = 0;
			defaultConfigurationName = Release;
		};
		187E79F82B1F518500FD38A6 /* Build configuration list for PBXNativeTarget "Mars Rover" */ = {
			isa = XCConfigurationList;
			buildConfigurations = (
				187E79F92B1F518500FD38A6 /* Debug */,
				187E79FA2B1F518500FD38A6 /* Release */,
			);
			defaultConfigurationIsVisible = 0;
			defaultConfigurationName = Release;
		};
		187E7A052B1F612B00FD38A6 /* Build configuration list for PBXNativeTarget "Mars RoverTests" */ = {
			isa = XCConfigurationList;
			buildConfigurations = (
				187E7A062B1F612B00FD38A6 /* Debug */,
				187E7A072B1F612B00FD38A6 /* Release */,
			);
			defaultConfigurationIsVisible = 0;
			defaultConfigurationName = Release;
		};
/* End XCConfigurationList section */

/* Begin XCRemoteSwiftPackageReference section */
		187E7A262B1F863800FD38A6 /* XCRemoteSwiftPackageReference "Kingfisher" */ = {
			isa = XCRemoteSwiftPackageReference;
			repositoryURL = "https://github.com/onevcat/Kingfisher.git";
			requirement = {
				kind = upToNextMajorVersion;
				minimumVersion = 7.10.0;
			};
		};
/* End XCRemoteSwiftPackageReference section */

/* Begin XCSwiftPackageProductDependency section */
		187E7A272B1F863800FD38A6 /* Kingfisher */ = {
			isa = XCSwiftPackageProductDependency;
			package = 187E7A262B1F863800FD38A6 /* XCRemoteSwiftPackageReference "Kingfisher" */;
			productName = Kingfisher;
		};
/* End XCSwiftPackageProductDependency section */
	};
	rootObject = 187E79DC2B1F518400FD38A6 /* Project object */;
}
